
Microsoft Visual Studio Solution File, Format Version 12.00
# Visual Studio Version 17
VisualStudioVersion = 17.11.35222.181
MinimumVisualStudioVersion = 10.0.40219.1
Project("{FAE04EC0-301F-11D3-BF4B-00C04F79EFBC}") = "TheOOPhotel", "TheOOPhotel\TheOOPhotel.csproj", "{CA170735-F3D8-4937-9BB8-A5E990A601A8}"
EndProject
Global
	GlobalSection(SolutionConfigurationPlatforms) = preSolution
		Debug|Any CPU = Debug|Any CPU
		Release|Any CPU = Release|Any CPU
	EndGlobalSection
	GlobalSection(ProjectConfigurationPlatforms) = postSolution
		{CA170735-F3D8-4937-9BB8-A5E990A601A8}.Debug|Any CPU.ActiveCfg = Debug|Any CPU
		{CA170735-F3D8-4937-9BB8-A5E990A601A8}.Debug|Any CPU.Build.0 = Debug|Any CPU
		{CA170735-F3D8-4937-9BB8-A5E990A601A8}.Release|Any CPU.ActiveCfg = Release|Any CPU
		{CA170735-F3D8-4937-9BB8-A5E990A601A8}.Release|Any CPU.Build.0 = Release|Any CPU
	EndGlobalSection
	GlobalSection(SolutionProperties) = preSolution
		HideSolutionNode = FALSE
	EndGlobalSection
	GlobalSection(ExtensibilityGlobals) = postSolution
		SolutionGuid = {47C7C86A-5873-4DEB-8B51-8D0D70D6D06A}
	EndGlobalSection
EndGlobal
